
Microsoft Visual Studio Solution File, Format Version 10.00
# Visual Studio 2008
Project("{F14B399A-7131-4C87-9E4B-1186C45EF12D}") = "for wastage", "for wastage\for wastage.rptproj", "{F2332DB6-43E4-4B6C-BBC6-BA050DC11877}"
EndProject
Global
	GlobalSection(SolutionConfigurationPlatforms) = preSolution
		Debug|Default = Debug|Default
		DebugLocal|Default = DebugLocal|Default
		Release|Default = Release|Default
	EndGlobalSection
	GlobalSection(ProjectConfigurationPlatforms) = postSolution
		{F2332DB6-43E4-4B6C-BBC6-BA050DC11877}.Debug|Default.ActiveCfg = Debug
		{F2332DB6-43E4-4B6C-BBC6-BA050DC11877}.Debug|Default.Build.0 = DebugLocal
		{F2332DB6-43E4-4B6C-BBC6-BA050DC11877}.Debug|Default.Deploy.0 = DebugLocal
		{F2332DB6-43E4-4B6C-BBC6-BA050DC11877}.DebugLocal|Default.ActiveCfg = DebugLocal
		{F2332DB6-43E4-4B6C-BBC6-BA050DC11877}.DebugLocal|Default.Build.0 = DebugLocal
		{F2332DB6-43E4-4B6C-BBC6-BA050DC11877}.Release|Default.ActiveCfg = Release
		{F2332DB6-43E4-4B6C-BBC6-BA050DC11877}.Release|Default.Build.0 = Release
		{F2332DB6-43E4-4B6C-BBC6-BA050DC11877}.Release|Default.Deploy.0 = Release
	EndGlobalSection
	GlobalSection(SolutionProperties) = preSolution
		HideSolutionNode = FALSE
	EndGlobalSection
EndGlobal
