
Microsoft Visual Studio Solution File, Format Version 10.00
# Visual Studio 2008
Project("{F14B399A-7131-4C87-9E4B-1186C45EF12D}") = "production_output", "production_output.rptproj", "{C0FD1CF2-7AC3-478D-AF87-B0975A288EC2}"
EndProject
Global
	GlobalSection(SolutionConfigurationPlatforms) = preSolution
		Debug|Default = Debug|Default
		DebugLocal|Default = DebugLocal|Default
		Release|Default = Release|Default
	EndGlobalSection
	GlobalSection(ProjectConfigurationPlatforms) = postSolution
		{C0FD1CF2-7AC3-478D-AF87-B0975A288EC2}.Debug|Default.ActiveCfg = Debug
		{C0FD1CF2-7AC3-478D-AF87-B0975A288EC2}.Debug|Default.Build.0 = DebugLocal
		{C0FD1CF2-7AC3-478D-AF87-B0975A288EC2}.Debug|Default.Deploy.0 = DebugLocal
		{C0FD1CF2-7AC3-478D-AF87-B0975A288EC2}.DebugLocal|Default.ActiveCfg = DebugLocal
		{C0FD1CF2-7AC3-478D-AF87-B0975A288EC2}.DebugLocal|Default.Build.0 = DebugLocal
		{C0FD1CF2-7AC3-478D-AF87-B0975A288EC2}.Release|Default.ActiveCfg = Release
		{C0FD1CF2-7AC3-478D-AF87-B0975A288EC2}.Release|Default.Build.0 = Release
		{C0FD1CF2-7AC3-478D-AF87-B0975A288EC2}.Release|Default.Deploy.0 = Release
	EndGlobalSection
	GlobalSection(SolutionProperties) = preSolution
		HideSolutionNode = FALSE
	EndGlobalSection
EndGlobal
