
Microsoft Visual Studio Solution File, Format Version 10.00
# Visual Studio 2008
Project("{F14B399A-7131-4C87-9E4B-1186C45EF12D}") = "Report Project4", "Report Project4\Report Project4.rptproj", "{EA0EE458-301F-4327-A400-CA747865094B}"
EndProject
Global
	GlobalSection(SolutionConfigurationPlatforms) = preSolution
		Debug|Default = Debug|Default
		DebugLocal|Default = DebugLocal|Default
		Release|Default = Release|Default
	EndGlobalSection
	GlobalSection(ProjectConfigurationPlatforms) = postSolution
		{EA0EE458-301F-4327-A400-CA747865094B}.Debug|Default.ActiveCfg = Debug
		{EA0EE458-301F-4327-A400-CA747865094B}.Debug|Default.Build.0 = DebugLocal
		{EA0EE458-301F-4327-A400-CA747865094B}.Debug|Default.Deploy.0 = DebugLocal
		{EA0EE458-301F-4327-A400-CA747865094B}.DebugLocal|Default.ActiveCfg = DebugLocal
		{EA0EE458-301F-4327-A400-CA747865094B}.DebugLocal|Default.Build.0 = DebugLocal
		{EA0EE458-301F-4327-A400-CA747865094B}.Release|Default.ActiveCfg = Release
		{EA0EE458-301F-4327-A400-CA747865094B}.Release|Default.Build.0 = Release
		{EA0EE458-301F-4327-A400-CA747865094B}.Release|Default.Deploy.0 = Release
	EndGlobalSection
	GlobalSection(SolutionProperties) = preSolution
		HideSolutionNode = FALSE
	EndGlobalSection
EndGlobal
