
Microsoft Visual Studio Solution File, Format Version 10.00
# Visual Studio 2008
Project("{F14B399A-7131-4C87-9E4B-1186C45EF12D}") = "wasatge_edit", "wasatge_edit\wasatge_edit.rptproj", "{9C6E6AAE-41BF-4119-836A-AEEB21E9B971}"
EndProject
Global
	GlobalSection(SolutionConfigurationPlatforms) = preSolution
		Debug|Default = Debug|Default
		DebugLocal|Default = DebugLocal|Default
		Release|Default = Release|Default
	EndGlobalSection
	GlobalSection(ProjectConfigurationPlatforms) = postSolution
		{9C6E6AAE-41BF-4119-836A-AEEB21E9B971}.Debug|Default.ActiveCfg = Debug
		{9C6E6AAE-41BF-4119-836A-AEEB21E9B971}.Debug|Default.Build.0 = DebugLocal
		{9C6E6AAE-41BF-4119-836A-AEEB21E9B971}.Debug|Default.Deploy.0 = DebugLocal
		{9C6E6AAE-41BF-4119-836A-AEEB21E9B971}.DebugLocal|Default.ActiveCfg = DebugLocal
		{9C6E6AAE-41BF-4119-836A-AEEB21E9B971}.DebugLocal|Default.Build.0 = DebugLocal
		{9C6E6AAE-41BF-4119-836A-AEEB21E9B971}.Release|Default.ActiveCfg = Release
		{9C6E6AAE-41BF-4119-836A-AEEB21E9B971}.Release|Default.Build.0 = Release
		{9C6E6AAE-41BF-4119-836A-AEEB21E9B971}.Release|Default.Deploy.0 = Release
	EndGlobalSection
	GlobalSection(SolutionProperties) = preSolution
		HideSolutionNode = FALSE
	EndGlobalSection
EndGlobal
