
Microsoft Visual Studio Solution File, Format Version 10.00
# Visual Studio 2008
Project("{F14B399A-7131-4C87-9E4B-1186C45EF12D}") = "Job_Memo_Schwaner", "Job_Memo_Schwaner.rptproj", "{668B4D14-837B-478D-97AB-08CE31EDC823}"
EndProject
Global
	GlobalSection(SolutionConfigurationPlatforms) = preSolution
		Debug|Default = Debug|Default
		DebugLocal|Default = DebugLocal|Default
		Release|Default = Release|Default
	EndGlobalSection
	GlobalSection(ProjectConfigurationPlatforms) = postSolution
		{668B4D14-837B-478D-97AB-08CE31EDC823}.Debug|Default.ActiveCfg = Debug
		{668B4D14-837B-478D-97AB-08CE31EDC823}.Debug|Default.Build.0 = DebugLocal
		{668B4D14-837B-478D-97AB-08CE31EDC823}.Debug|Default.Deploy.0 = DebugLocal
		{668B4D14-837B-478D-97AB-08CE31EDC823}.DebugLocal|Default.ActiveCfg = DebugLocal
		{668B4D14-837B-478D-97AB-08CE31EDC823}.DebugLocal|Default.Build.0 = DebugLocal
		{668B4D14-837B-478D-97AB-08CE31EDC823}.Release|Default.ActiveCfg = Release
		{668B4D14-837B-478D-97AB-08CE31EDC823}.Release|Default.Build.0 = Release
		{668B4D14-837B-478D-97AB-08CE31EDC823}.Release|Default.Deploy.0 = Release
	EndGlobalSection
	GlobalSection(SolutionProperties) = preSolution
		HideSolutionNode = FALSE
	EndGlobalSection
EndGlobal
