
Microsoft Visual Studio Solution File, Format Version 10.00
# Visual Studio 2008
Project("{F14B399A-7131-4C87-9E4B-1186C45EF12D}") = "Production_Bgrade2", "Production_Bgrade2\Production_Bgrade2.rptproj", "{BC03BE91-371F-459B-8456-60D6A085941E}"
EndProject
Global
	GlobalSection(SolutionConfigurationPlatforms) = preSolution
		Debug|Default = Debug|Default
		DebugLocal|Default = DebugLocal|Default
		Release|Default = Release|Default
	EndGlobalSection
	GlobalSection(ProjectConfigurationPlatforms) = postSolution
		{BC03BE91-371F-459B-8456-60D6A085941E}.Debug|Default.ActiveCfg = Debug
		{BC03BE91-371F-459B-8456-60D6A085941E}.Debug|Default.Build.0 = DebugLocal
		{BC03BE91-371F-459B-8456-60D6A085941E}.Debug|Default.Deploy.0 = DebugLocal
		{BC03BE91-371F-459B-8456-60D6A085941E}.DebugLocal|Default.ActiveCfg = DebugLocal
		{BC03BE91-371F-459B-8456-60D6A085941E}.DebugLocal|Default.Build.0 = DebugLocal
		{BC03BE91-371F-459B-8456-60D6A085941E}.Release|Default.ActiveCfg = Release
		{BC03BE91-371F-459B-8456-60D6A085941E}.Release|Default.Build.0 = Release
		{BC03BE91-371F-459B-8456-60D6A085941E}.Release|Default.Deploy.0 = Release
	EndGlobalSection
	GlobalSection(SolutionProperties) = preSolution
		HideSolutionNode = FALSE
	EndGlobalSection
EndGlobal
