
Microsoft Visual Studio Solution File, Format Version 10.00
# Visual Studio 2008
Project("{F14B399A-7131-4C87-9E4B-1186C45EF12D}") = "Schwaner", "Schwaner.rptproj", "{8CA15805-9243-48D0-8C57-C64003C78C3E}"
EndProject
Global
	GlobalSection(SolutionConfigurationPlatforms) = preSolution
		Debug|Default = Debug|Default
		DebugLocal|Default = DebugLocal|Default
		Release|Default = Release|Default
	EndGlobalSection
	GlobalSection(ProjectConfigurationPlatforms) = postSolution
		{8CA15805-9243-48D0-8C57-C64003C78C3E}.Debug|Default.ActiveCfg = Debug
		{8CA15805-9243-48D0-8C57-C64003C78C3E}.Debug|Default.Build.0 = DebugLocal
		{8CA15805-9243-48D0-8C57-C64003C78C3E}.Debug|Default.Deploy.0 = DebugLocal
		{8CA15805-9243-48D0-8C57-C64003C78C3E}.DebugLocal|Default.ActiveCfg = DebugLocal
		{8CA15805-9243-48D0-8C57-C64003C78C3E}.DebugLocal|Default.Build.0 = DebugLocal
		{8CA15805-9243-48D0-8C57-C64003C78C3E}.Release|Default.ActiveCfg = Release
		{8CA15805-9243-48D0-8C57-C64003C78C3E}.Release|Default.Build.0 = Release
		{8CA15805-9243-48D0-8C57-C64003C78C3E}.Release|Default.Deploy.0 = Release
	EndGlobalSection
	GlobalSection(SolutionProperties) = preSolution
		HideSolutionNode = FALSE
	EndGlobalSection
EndGlobal
